// !$*UTF8*$!
{
	archiveVersion = 1;
	classes = {
	};
	objectVersion = 56;
	objects = {

/* Begin PBXBuildFile section */
		87AA466E2A54C84100C997B7 /* main.cpp in Sources */ = {isa = PBXBuildFile; fileRef = 87AA466D2A54C84100C997B7 /* main.cpp */; };
		87AA46752A54C88100C997B7 /* libtakeover.cpp in Sources */ = {isa = PBXBuildFile; fileRef = 87AA46742A54C88100C997B7 /* libtakeover.cpp */; };
		87AA467A2A54C8E200C997B7 /* libgeneral.0.dylib in Frameworks */ = {isa = PBXBuildFile; fileRef = 87AA46792A54C8E200C997B7 /* libgeneral.0.dylib */; };
		87AA467B2A54C8E200C997B7 /* libgeneral.0.dylib in Embed Libraries */ = {isa = PBXBuildFile; fileRef = 87AA46792A54C8E200C997B7 /* libgeneral.0.dylib */; settings = {ATTRIBUTES = (CodeSignOnCopy, ); }; };
		87AA46892A54CAF200C997B7 /* inject_criticald.cpp in Sources */ = {isa = PBXBuildFile; fileRef = 87AA46882A54CAF200C997B7 /* inject_criticald.cpp */; };
		87AA468A2A54CB6400C997B7 /* libgeneral.0.dylib in Frameworks */ = {isa = PBXBuildFile; fileRef = 87AA46792A54C8E200C997B7 /* libgeneral.0.dylib */; };
		87AA468B2A54CB6400C997B7 /* libgeneral.0.dylib in Embed Libraries */ = {isa = PBXBuildFile; fileRef = 87AA46792A54C8E200C997B7 /* libgeneral.0.dylib */; settings = {ATTRIBUTES = (CodeSignOnCopy, ); }; };
		87AA468D2A54CB6800C997B7 /* libtakeover.cpp in Sources */ = {isa = PBXBuildFile; fileRef = 87AA46742A54C88100C997B7 /* libtakeover.cpp */; };
/* End PBXBuildFile section */

/* Begin PBXCopyFilesBuildPhase section */
		87AA46682A54C84100C997B7 /* CopyFiles */ = {
			isa = PBXCopyFilesBuildPhase;
			buildActionMask = 2147483647;
			dstPath = /usr/share/man/man1/;
			dstSubfolderSpec = 0;
			files = (
			);
			runOnlyForDeploymentPostprocessing = 1;
		};
		87AA467C2A54C8E200C997B7 /* Embed Libraries */ = {
			isa = PBXCopyFilesBuildPhase;
			buildActionMask = 2147483647;
			dstPath = "";
			dstSubfolderSpec = 10;
			files = (
				87AA467B2A54C8E200C997B7 /* libgeneral.0.dylib in Embed Libraries */,
			);
			name = "Embed Libraries";
			runOnlyForDeploymentPostprocessing = 0;
		};
		87AA467F2A54CADF00C997B7 /* CopyFiles */ = {
			isa = PBXCopyFilesBuildPhase;
			buildActionMask = 2147483647;
			dstPath = /usr/share/man/man1/;
			dstSubfolderSpec = 0;
			files = (
			);
			runOnlyForDeploymentPostprocessing = 1;
		};
		87AA468C2A54CB6400C997B7 /* Embed Libraries */ = {
			isa = PBXCopyFilesBuildPhase;
			buildActionMask = 2147483647;
			dstPath = "";
			dstSubfolderSpec = 10;
			files = (
				87AA468B2A54CB6400C997B7 /* libgeneral.0.dylib in Embed Libraries */,
			);
			name = "Embed Libraries";
			runOnlyForDeploymentPostprocessing = 0;
		};
/* End PBXCopyFilesBuildPhase section */

/* Begin PBXFileReference section */
		87AA466A2A54C84100C997B7 /* libtakeover */ = {isa = PBXFileReference; explicitFileType = "compiled.mach-o.executable"; includeInIndex = 0; path = libtakeover; sourceTree = BUILT_PRODUCTS_DIR; };
		87AA466D2A54C84100C997B7 /* main.cpp */ = {isa = PBXFileReference; lastKnownFileType = sourcecode.cpp.cpp; path = main.cpp; sourceTree = "<group>"; };
		87AA46742A54C88100C997B7 /* libtakeover.cpp */ = {isa = PBXFileReference; fileEncoding = 4; lastKnownFileType = sourcecode.cpp.cpp; path = libtakeover.cpp; sourceTree = "<group>"; };
		87AA46762A54C89100C997B7 /* TKexception.hpp */ = {isa = PBXFileReference; lastKnownFileType = sourcecode.cpp.h; name = TKexception.hpp; path = include/libtakeover/TKexception.hpp; sourceTree = SOURCE_ROOT; };
		87AA46772A54C89100C997B7 /* libtakeover.hpp */ = {isa = PBXFileReference; lastKnownFileType = sourcecode.cpp.h; name = libtakeover.hpp; path = include/libtakeover/libtakeover.hpp; sourceTree = SOURCE_ROOT; };
		87AA46792A54C8E200C997B7 /* libgeneral.0.dylib */ = {isa = PBXFileReference; lastKnownFileType = "compiled.mach-o.dylib"; name = libgeneral.0.dylib; path = ../../../../usr/local/lib/libgeneral.0.dylib; sourceTree = "<group>"; };
		87AA46812A54CADF00C997B7 /* inject_ciritcald */ = {isa = PBXFileReference; explicitFileType = "compiled.mach-o.executable"; includeInIndex = 0; path = inject_ciritcald; sourceTree = BUILT_PRODUCTS_DIR; };
		87AA46882A54CAF200C997B7 /* inject_criticald.cpp */ = {isa = PBXFileReference; fileEncoding = 4; lastKnownFileType = sourcecode.cpp.cpp; name = inject_criticald.cpp; path = tools/inject_criticald.cpp; sourceTree = SOURCE_ROOT; };
/* End PBXFileReference section */

/* Begin PBXFrameworksBuildPhase section */
		87AA46672A54C84100C997B7 /* Frameworks */ = {
			isa = PBXFrameworksBuildPhase;
			buildActionMask = 2147483647;
			files = (
				87AA467A2A54C8E200C997B7 /* libgeneral.0.dylib in Frameworks */,
			);
			runOnlyForDeploymentPostprocessing = 0;
		};
		87AA467E2A54CADF00C997B7 /* Frameworks */ = {
			isa = PBXFrameworksBuildPhase;
			buildActionMask = 2147483647;
			files = (
				87AA468A2A54CB6400C997B7 /* libgeneral.0.dylib in Frameworks */,
			);
			runOnlyForDeploymentPostprocessing = 0;
		};
/* End PBXFrameworksBuildPhase section */

/* Begin PBXGroup section */
		87AA46612A54C84100C997B7 = {
			isa = PBXGroup;
			children = (
				87AA466C2A54C84100C997B7 /* libtakeover */,
				87AA46822A54CADF00C997B7 /* inject_ciritcald */,
				87AA466B2A54C84100C997B7 /* Products */,
				87AA46782A54C8E200C997B7 /* Frameworks */,
			);
			sourceTree = "<group>";
		};
		87AA466B2A54C84100C997B7 /* Products */ = {
			isa = PBXGroup;
			children = (
				87AA466A2A54C84100C997B7 /* libtakeover */,
				87AA46812A54CADF00C997B7 /* inject_ciritcald */,
			);
			name = Products;
			sourceTree = "<group>";
		};
		87AA466C2A54C84100C997B7 /* libtakeover */ = {
			isa = PBXGroup;
			children = (
				87AA46772A54C89100C997B7 /* libtakeover.hpp */,
				87AA46762A54C89100C997B7 /* TKexception.hpp */,
				87AA46742A54C88100C997B7 /* libtakeover.cpp */,
				87AA466D2A54C84100C997B7 /* main.cpp */,
			);
			path = libtakeover;
			sourceTree = "<group>";
		};
		87AA46782A54C8E200C997B7 /* Frameworks */ = {
			isa = PBXGroup;
			children = (
				87AA46792A54C8E200C997B7 /* libgeneral.0.dylib */,
			);
			name = Frameworks;
			sourceTree = "<group>";
		};
		87AA46822A54CADF00C997B7 /* inject_ciritcald */ = {
			isa = PBXGroup;
			children = (
				87AA46882A54CAF200C997B7 /* inject_criticald.cpp */,
			);
			path = inject_ciritcald;
			sourceTree = "<group>";
		};
/* End PBXGroup section */

/* Begin PBXNativeTarget section */
		87AA46692A54C84100C997B7 /* libtakeover */ = {
			isa = PBXNativeTarget;
			buildConfigurationList = 87AA46712A54C84100C997B7 /* Build configuration list for PBXNativeTarget "libtakeover" */;
			buildPhases = (
				87AA46662A54C84100C997B7 /* Sources */,
				87AA46672A54C84100C997B7 /* Frameworks */,
				87AA46682A54C84100C997B7 /* CopyFiles */,
				87AA467C2A54C8E200C997B7 /* Embed Libraries */,
			);
			buildRules = (
			);
			dependencies = (
			);
			name = libtakeover;
			productName = libtakeover;
			productReference = 87AA466A2A54C84100C997B7 /* libtakeover */;
			productType = "com.apple.product-type.tool";
		};
		87AA46802A54CADF00C997B7 /* inject_ciritcald */ = {
			isa = PBXNativeTarget;
			buildConfigurationList = 87AA46852A54CADF00C997B7 /* Build configuration list for PBXNativeTarget "inject_ciritcald" */;
			buildPhases = (
				87AA467D2A54CADF00C997B7 /* Sources */,
				87AA467E2A54CADF00C997B7 /* Frameworks */,
				87AA467F2A54CADF00C997B7 /* CopyFiles */,
				87AA468C2A54CB6400C997B7 /* Embed Libraries */,
			);
			buildRules = (
			);
			dependencies = (
			);
			name = inject_ciritcald;
			productName = inject_ciritcald;
			productReference = 87AA46812A54CADF00C997B7 /* inject_ciritcald */;
			productType = "com.apple.product-type.tool";
		};
/* End PBXNativeTarget section */

/* Begin PBXProject section */
		87AA46622A54C84100C997B7 /* Project object */ = {
			isa = PBXProject;
			attributes = {
				BuildIndependentTargetsInParallel = 1;
				LastUpgradeCheck = 1430;
				TargetAttributes = {
					87AA46692A54C84100C997B7 = {
						CreatedOnToolsVersion = 14.3.1;
					};
					87AA46802A54CADF00C997B7 = {
						CreatedOnToolsVersion = 14.3.1;
					};
				};
			};
			buildConfigurationList = 87AA46652A54C84100C997B7 /* Build configuration list for PBXProject "libtakeover" */;
			compatibilityVersion = "Xcode 14.0";
			developmentRegion = en;
			hasScannedForEncodings = 0;
			knownRegions = (
				en,
				Base,
			);
			mainGroup = 87AA46612A54C84100C997B7;
			productRefGroup = 87AA466B2A54C84100C997B7 /* Products */;
			projectDirPath = "";
			projectRoot = "";
			targets = (
				87AA46692A54C84100C997B7 /* libtakeover */,
				87AA46802A54CADF00C997B7 /* inject_ciritcald */,
			);
		};
/* End PBXProject section */

/* Begin PBXSourcesBuildPhase section */
		87AA46662A54C84100C997B7 /* Sources */ = {
			isa = PBXSourcesBuildPhase;
			buildActionMask = 2147483647;
			files = (
				87AA46752A54C88100C997B7 /* libtakeover.cpp in Sources */,
				87AA466E2A54C84100C997B7 /* main.cpp in Sources */,
			);
			runOnlyForDeploymentPostprocessing = 0;
		};
		87AA467D2A54CADF00C997B7 /* Sources */ = {
			isa = PBXSourcesBuildPhase;
			buildActionMask = 2147483647;
			files = (
				87AA468D2A54CB6800C997B7 /* libtakeover.cpp in Sources */,
				87AA46892A54CAF200C997B7 /* inject_criticald.cpp in Sources */,
			);
			runOnlyForDeploymentPostprocessing = 0;
		};
/* End PBXSourcesBuildPhase section */

/* Begin XCBuildConfiguration section */
		87AA466F2A54C84100C997B7 /* Debug */ = {
			isa = XCBuildConfiguration;
			buildSettings = {
				ALWAYS_SEARCH_USER_PATHS = NO;
				CLANG_ANALYZER_NONNULL = YES;
				CLANG_ANALYZER_NUMBER_OBJECT_CONVERSION = YES_AGGRESSIVE;
				CLANG_CXX_LANGUAGE_STANDARD = "gnu++20";
				CLANG_ENABLE_MODULES = YES;
				CLANG_ENABLE_OBJC_ARC = YES;
				CLANG_ENABLE_OBJC_WEAK = YES;
				CLANG_WARN_BLOCK_CAPTURE_AUTORELEASING = YES;
				CLANG_WARN_BOOL_CONVERSION = YES;
				CLANG_WARN_COMMA = YES;
				CLANG_WARN_CONSTANT_CONVERSION = YES;
				CLANG_WARN_DEPRECATED_OBJC_IMPLEMENTATIONS = YES;
				CLANG_WARN_DIRECT_OBJC_ISA_USAGE = YES_ERROR;
				CLANG_WARN_DOCUMENTATION_COMMENTS = YES;
				CLANG_WARN_EMPTY_BODY = YES;
				CLANG_WARN_ENUM_CONVERSION = YES;
				CLANG_WARN_INFINITE_RECURSION = YES;
				CLANG_WARN_INT_CONVERSION = YES;
				CLANG_WARN_NON_LITERAL_NULL_CONVERSION = YES;
				CLANG_WARN_OBJC_IMPLICIT_RETAIN_SELF = YES;
				CLANG_WARN_OBJC_LITERAL_CONVERSION = YES;
				CLANG_WARN_OBJC_ROOT_CLASS = YES_ERROR;
				CLANG_WARN_QUOTED_INCLUDE_IN_FRAMEWORK_HEADER = YES;
				CLANG_WARN_RANGE_LOOP_ANALYSIS = YES;
				CLANG_WARN_STRICT_PROTOTYPES = YES;
				CLANG_WARN_SUSPICIOUS_MOVE = YES;
				CLANG_WARN_UNGUARDED_AVAILABILITY = YES_AGGRESSIVE;
				CLANG_WARN_UNREACHABLE_CODE = YES;
				CLANG_WARN__DUPLICATE_METHOD_MATCH = YES;
				COPY_PHASE_STRIP = NO;
				DEBUG_INFORMATION_FORMAT = dwarf;
				ENABLE_STRICT_OBJC_MSGSEND = YES;
				ENABLE_TESTABILITY = YES;
				GCC_C_LANGUAGE_STANDARD = gnu11;
				GCC_DYNAMIC_NO_PIC = NO;
				GCC_NO_COMMON_BLOCKS = YES;
				GCC_OPTIMIZATION_LEVEL = 0;
				GCC_PREPROCESSOR_DEFINITIONS = (
					"DEBUG=1",
					"$(inherited)",
				);
				GCC_WARN_64_TO_32_BIT_CONVERSION = YES;
				GCC_WARN_ABOUT_RETURN_TYPE = YES_ERROR;
				GCC_WARN_UNDECLARED_SELECTOR = YES;
				GCC_WARN_UNINITIALIZED_AUTOS = YES_AGGRESSIVE;
				GCC_WARN_UNUSED_FUNCTION = YES;
				GCC_WARN_UNUSED_VARIABLE = YES;
				HEADER_SEARCH_PATHS = (
					"$(SRCROOT)/include",
					/usr/local/include,
				);
				LIBRARY_SEARCH_PATHS = /usr/local/lib;
				MACOSX_DEPLOYMENT_TARGET = 13.3;
				MTL_ENABLE_DEBUG_INFO = INCLUDE_SOURCE;
				MTL_FAST_MATH = YES;
				ONLY_ACTIVE_ARCH = YES;
				SDKROOT = macosx;
			};
			name = Debug;
		};
		87AA46702A54C84100C997B7 /* Release */ = {
			isa = XCBuildConfiguration;
			buildSettings = {
				ALWAYS_SEARCH_USER_PATHS = NO;
				CLANG_ANALYZER_NONNULL = YES;
				CLANG_ANALYZER_NUMBER_OBJECT_CONVERSION = YES_AGGRESSIVE;
				CLANG_CXX_LANGUAGE_STANDARD = "gnu++20";
				CLANG_ENABLE_MODULES = YES;
				CLANG_ENABLE_OBJC_ARC = YES;
				CLANG_ENABLE_OBJC_WEAK = YES;
				CLANG_WARN_BLOCK_CAPTURE_AUTORELEASING = YES;
				CLANG_WARN_BOOL_CONVERSION = YES;
				CLANG_WARN_COMMA = YES;
				CLANG_WARN_CONSTANT_CONVERSION = YES;
				CLANG_WARN_DEPRECATED_OBJC_IMPLEMENTATIONS = YES;
				CLANG_WARN_DIRECT_OBJC_ISA_USAGE = YES_ERROR;
				CLANG_WARN_DOCUMENTATION_COMMENTS = YES;
				CLANG_WARN_EMPTY_BODY = YES;
				CLANG_WARN_ENUM_CONVERSION = YES;
				CLANG_WARN_INFINITE_RECURSION = YES;
				CLANG_WARN_INT_CONVERSION = YES;
				CLANG_WARN_NON_LITERAL_NULL_CONVERSION = YES;
				CLANG_WARN_OBJC_IMPLICIT_RETAIN_SELF = YES;
				CLANG_WARN_OBJC_LITERAL_CONVERSION = YES;
				CLANG_WARN_OBJC_ROOT_CLASS = YES_ERROR;
				CLANG_WARN_QUOTED_INCLUDE_IN_FRAMEWORK_HEADER = YES;
				CLANG_WARN_RANGE_LOOP_ANALYSIS = YES;
				CLANG_WARN_STRICT_PROTOTYPES = YES;
				CLANG_WARN_SUSPICIOUS_MOVE = YES;
				CLANG_WARN_UNGUARDED_AVAILABILITY = YES_AGGRESSIVE;
				CLANG_WARN_UNREACHABLE_CODE = YES;
				CLANG_WARN__DUPLICATE_METHOD_MATCH = YES;
				COPY_PHASE_STRIP = NO;
				DEBUG_INFORMATION_FORMAT = "dwarf-with-dsym";
				ENABLE_NS_ASSERTIONS = NO;
				ENABLE_STRICT_OBJC_MSGSEND = YES;
				GCC_C_LANGUAGE_STANDARD = gnu11;
				GCC_NO_COMMON_BLOCKS = YES;
				GCC_WARN_64_TO_32_BIT_CONVERSION = YES;
				GCC_WARN_ABOUT_RETURN_TYPE = YES_ERROR;
				GCC_WARN_UNDECLARED_SELECTOR = YES;
				GCC_WARN_UNINITIALIZED_AUTOS = YES_AGGRESSIVE;
				GCC_WARN_UNUSED_FUNCTION = YES;
				GCC_WARN_UNUSED_VARIABLE = YES;
				HEADER_SEARCH_PATHS = (
					"$(SRCROOT)/include",
					/usr/local/include,
				);
				LIBRARY_SEARCH_PATHS = /usr/local/lib;
				MACOSX_DEPLOYMENT_TARGET = 13.3;
				MTL_ENABLE_DEBUG_INFO = NO;
				MTL_FAST_MATH = YES;
				SDKROOT = macosx;
			};
			name = Release;
		};
		87AA46722A54C84100C997B7 /* Debug */ = {
			isa = XCBuildConfiguration;
			buildSettings = {
				CODE_SIGN_STYLE = Automatic;
				HEADER_SEARCH_PATHS = "";
				LIBRARY_SEARCH_PATHS = "";
				PRODUCT_NAME = "$(TARGET_NAME)";
			};
			name = Debug;
		};
		87AA46732A54C84100C997B7 /* Release */ = {
			isa = XCBuildConfiguration;
			buildSettings = {
				CODE_SIGN_STYLE = Automatic;
				HEADER_SEARCH_PATHS = "";
				LIBRARY_SEARCH_PATHS = "";
				PRODUCT_NAME = "$(TARGET_NAME)";
			};
			name = Release;
		};
		87AA46862A54CADF00C997B7 /* Debug */ = {
			isa = XCBuildConfiguration;
			buildSettings = {
				CODE_SIGN_STYLE = Automatic;
				GCC_PREPROCESSOR_DEFINITIONS = (
					"DEBUG=1",
					"$(inherited)",
					XCODE,
				);
				PRODUCT_NAME = "$(TARGET_NAME)";
			};
			name = Debug;
		};
		87AA46872A54CADF00C997B7 /* Release */ = {
			isa = XCBuildConfiguration;
			buildSettings = {
				CODE_SIGN_STYLE = Automatic;
				PRODUCT_NAME = "$(TARGET_NAME)";
			};
			name = Release;
		};
/* End XCBuildConfiguration section */

/* Begin XCConfigurationList section */
		87AA46652A54C84100C997B7 /* Build configuration list for PBXProject "libtakeover" */ = {
			isa = XCConfigurationList;
			buildConfigurations = (
				87AA466F2A54C84100C997B7 /* Debug */,
				87AA46702A54C84100C997B7 /* Release */,
			);
			defaultConfigurationIsVisible = 0;
			defaultConfigurationName = Release;
		};
		87AA46712A54C84100C997B7 /* Build configuration list for PBXNativeTarget "libtakeover" */ = {
			isa = XCConfigurationList;
			buildConfigurations = (
				87AA46722A54C84100C997B7 /* Debug */,
				87AA46732A54C84100C997B7 /* Release */,
			);
			defaultConfigurationIsVisible = 0;
			defaultConfigurationName = Release;
		};
		87AA46852A54CADF00C997B7 /* Build configuration list for PBXNativeTarget "inject_ciritcald" */ = {
			isa = XCConfigurationList;
			buildConfigurations = (
				87AA46862A54CADF00C997B7 /* Debug */,
				87AA46872A54CADF00C997B7 /* Release */,
			);
			defaultConfigurationIsVisible = 0;
			defaultConfigurationName = Release;
		};
/* End XCConfigurationList section */
	};
	rootObject = 87AA46622A54C84100C997B7 /* Project object */;
}
